
Microsoft Visual Studio Solution File, Format Version 12.00
# Visual Studio Version 16
VisualStudioVersion = 16.0.28809.33
MinimumVisualStudioVersion = 10.0.40219.1
Project("{FAE04EC0-301F-11D3-BF4B-00C04F79EFBC}") = "ciclos", "ciclos\ciclos.csproj", "{AA34EB30-BA9F-4594-B7C3-40328696BBF1}"
EndProject
Global
	GlobalSection(SolutionConfigurationPlatforms) = preSolution
		Debug|Any CPU = Debug|Any CPU
		Release|Any CPU = Release|Any CPU
	EndGlobalSection
	GlobalSection(ProjectConfigurationPlatforms) = postSolution
		{AA34EB30-BA9F-4594-B7C3-40328696BBF1}.Debug|Any CPU.ActiveCfg = Debug|Any CPU
		{AA34EB30-BA9F-4594-B7C3-40328696BBF1}.Debug|Any CPU.Build.0 = Debug|Any CPU
		{AA34EB30-BA9F-4594-B7C3-40328696BBF1}.Release|Any CPU.ActiveCfg = Release|Any CPU
		{AA34EB30-BA9F-4594-B7C3-40328696BBF1}.Release|Any CPU.Build.0 = Release|Any CPU
	EndGlobalSection
	GlobalSection(SolutionProperties) = preSolution
		HideSolutionNode = FALSE
	EndGlobalSection
	GlobalSection(ExtensibilityGlobals) = postSolution
		SolutionGuid = {D2F8F54C-C041-4A48-BED0-439D999AFB21}
	EndGlobalSection
EndGlobal
